// !$*UTF8*$!
{
	archiveVersion = 1;
	classes = {
	};
	objectVersion = 56;
	objects = {

/* Begin PBXBuildFile section */
		690867E92A71044800D8536D /* Day52.swift in Sources */ = {isa = PBXBuildFile; fileRef = 690867E82A71044800D8536D /* Day52.swift */; };
		69093A7C2A4C37CA00B6AEEC /* Day24.swift in Sources */ = {isa = PBXBuildFile; fileRef = 69093A7B2A4C37CA00B6AEEC /* Day24.swift */; };
		690E345B2A53152E003DB74A /* Day29.swift in Sources */ = {isa = PBXBuildFile; fileRef = 690E345A2A53152E003DB74A /* Day29.swift */; };
		6911607D2A83B7C40088C378 /* Day64.swift in Sources */ = {isa = PBXBuildFile; fileRef = 6911607C2A83B7C40088C378 /* Day64.swift */; };
		691160802A83B7EF0088C378 /* notification.mp3 in Resources */ = {isa = PBXBuildFile; fileRef = 6911607F2A83B7EF0088C378 /* notification.mp3 */; };
		691160822A83B8400088C378 /* Day65.swift in Sources */ = {isa = PBXBuildFile; fileRef = 691160812A83B8400088C378 /* Day65.swift */; };
		6914955C2A36EF4700969A2B /* CoverView.swift in Sources */ = {isa = PBXBuildFile; fileRef = 6914955B2A36EF4700969A2B /* CoverView.swift */; };
		6914955E2A37357D00969A2B /* Day8.swift in Sources */ = {isa = PBXBuildFile; fileRef = 6914955D2A37357D00969A2B /* Day8.swift */; };
		6918D4282A794B8B00007D80 /* Day57.swift in Sources */ = {isa = PBXBuildFile; fileRef = 6918D4272A794B8B00007D80 /* Day57.swift */; };
		6918D42A2A795CD000007D80 /* Day58.swift in Sources */ = {isa = PBXBuildFile; fileRef = 6918D4292A795CD000007D80 /* Day58.swift */; };
		691C49F12A8CBC3F003A6686 /* Day72.swift in Sources */ = {isa = PBXBuildFile; fileRef = 691C49F02A8CBC3F003A6686 /* Day72.swift */; };
		691C49F32A8E4BF9003A6686 /* Day73.swift in Sources */ = {isa = PBXBuildFile; fileRef = 691C49F22A8E4BF9003A6686 /* Day73.swift */; };
		691C4A202A8FA1F6003A6686 /* Day74.swift in Sources */ = {isa = PBXBuildFile; fileRef = 691C4A1F2A8FA1F6003A6686 /* Day74.swift */; };
		691DC8032A606CED008591C7 /* Day39.swift in Sources */ = {isa = PBXBuildFile; fileRef = 691DC8022A606CED008591C7 /* Day39.swift */; };
		691DC8052A62763A008591C7 /* Day40.swift in Sources */ = {isa = PBXBuildFile; fileRef = 691DC8042A62763A008591C7 /* Day40.swift */; };
		691DC8072A628E67008591C7 /* Day41.swift in Sources */ = {isa = PBXBuildFile; fileRef = 691DC8062A628E67008591C7 /* Day41.swift */; };
		691DC80F2A6402E4008591C7 /* Day42.swift in Sources */ = {isa = PBXBuildFile; fileRef = 691DC80E2A6402E4008591C7 /* Day42.swift */; };
		692117A52A3300930065B7C9 /* Day5.swift in Sources */ = {isa = PBXBuildFile; fileRef = 692117A42A3300930065B7C9 /* Day5.swift */; };
		692117A72A3430390065B7C9 /* Day6.swift in Sources */ = {isa = PBXBuildFile; fileRef = 692117A62A3430390065B7C9 /* Day6.swift */; };
		692117A92A35A0630065B7C9 /* Day7.swift in Sources */ = {isa = PBXBuildFile; fileRef = 692117A82A35A0630065B7C9 /* Day7.swift */; };
		692366992A46F61400CCF2FD /* Day20.swift in Sources */ = {isa = PBXBuildFile; fileRef = 692366982A46F61400CCF2FD /* Day20.swift */; };
		6924A0EE2A9283FE001F128A /* Day77.swift in Sources */ = {isa = PBXBuildFile; fileRef = 6924A0ED2A9283FE001F128A /* Day77.swift */; };
		692A88BA2A969C4C00124E19 /* AIGameplayView.swift in Sources */ = {isa = PBXBuildFile; fileRef = 692A88B92A969C4C00124E19 /* AIGameplayView.swift */; };
		692EF49D2A93F92200C3A4C0 /* TabNavigationView.swift in Sources */ = {isa = PBXBuildFile; fileRef = 692EF49C2A93F92200C3A4C0 /* TabNavigationView.swift */; };
		692EF49F2A93F9AE00C3A4C0 /* AIView.swift in Sources */ = {isa = PBXBuildFile; fileRef = 692EF49E2A93F9AE00C3A4C0 /* AIView.swift */; };
		692EF4A12A93F9BF00C3A4C0 /* AgainstMode.swift in Sources */ = {isa = PBXBuildFile; fileRef = 692EF4A02A93F9BF00C3A4C0 /* AgainstMode.swift */; };
		692EF4A32A93FA0C00C3A4C0 /* DiscoverView.swift in Sources */ = {isa = PBXBuildFile; fileRef = 692EF4A22A93FA0C00C3A4C0 /* DiscoverView.swift */; };
		692EF4A52A93FA3A00C3A4C0 /* SettingsView.swift in Sources */ = {isa = PBXBuildFile; fileRef = 692EF4A42A93FA3A00C3A4C0 /* SettingsView.swift */; };
		693ADC0B2A5AB86400CCA773 /* Day35.swift in Sources */ = {isa = PBXBuildFile; fileRef = 693ADC0A2A5AB86400CCA773 /* Day35.swift */; };
		693DB7C32A6F08A6009EB64D /* Day50.swift in Sources */ = {isa = PBXBuildFile; fileRef = 693DB7C22A6F08A6009EB64D /* Day50.swift */; };
		693DB7C52A6FA1B7009EB64D /* Day51.swift in Sources */ = {isa = PBXBuildFile; fileRef = 693DB7C42A6FA1B7009EB64D /* Day51.swift */; };
		693EDE7D2A5944CE007C5F57 /* Day34.swift in Sources */ = {isa = PBXBuildFile; fileRef = 693EDE7C2A5944CE007C5F57 /* Day34.swift */; };
		694323C72A922FB700C0313C /* Day76.swift in Sources */ = {isa = PBXBuildFile; fileRef = 694323C62A922FB700C0313C /* Day76.swift */; };
		694377EB2A5884D0004BE937 /* Day33.swift in Sources */ = {isa = PBXBuildFile; fileRef = 694377EA2A5884D0004BE937 /* Day33.swift */; };
		694549D32AA229C400680365 /* AIViewModel.swift in Sources */ = {isa = PBXBuildFile; fileRef = 694549D22AA229C400680365 /* AIViewModel.swift */; };
		694549D62AA22EC300680365 /* XIndicatorView.swift in Sources */ = {isa = PBXBuildFile; fileRef = 694549D52AA22EC300680365 /* XIndicatorView.swift */; };
		694549D82AA22ED300680365 /* AIOIndicatorView.swift in Sources */ = {isa = PBXBuildFile; fileRef = 694549D72AA22ED300680365 /* AIOIndicatorView.swift */; };
		694549DD2AA22F6200680365 /* Move.swift in Sources */ = {isa = PBXBuildFile; fileRef = 694549DC2AA22F6200680365 /* Move.swift */; };
		694549E02AA4A70D00680365 /* AgainstGameplayView.swift in Sources */ = {isa = PBXBuildFile; fileRef = 694549DF2AA4A70D00680365 /* AgainstGameplayView.swift */; };
		694549E22AA5E56000680365 /* AgainstViewModel.swift in Sources */ = {isa = PBXBuildFile; fileRef = 694549E12AA5E56000680365 /* AgainstViewModel.swift */; };
		694549E42AA5E88800680365 /* AOIndicatorView.swift in Sources */ = {isa = PBXBuildFile; fileRef = 694549E32AA5E88800680365 /* AOIndicatorView.swift */; };
		69557C782A4D5ED200D10D08 /* Day25.swift in Sources */ = {isa = PBXBuildFile; fileRef = 69557C772A4D5ED200D10D08 /* Day25.swift */; };
		69557C7C2A4F2D5200D10D08 /* Day26.swift in Sources */ = {isa = PBXBuildFile; fileRef = 69557C7B2A4F2D5200D10D08 /* Day26.swift */; };
		69557C802A5000F300D10D08 /* Day27.swift in Sources */ = {isa = PBXBuildFile; fileRef = 69557C7F2A5000F300D10D08 /* Day27.swift */; };
		695A32042A72D10300A9F682 /* Day53.swift in Sources */ = {isa = PBXBuildFile; fileRef = 695A32032A72D10300A9F682 /* Day53.swift */; };
		695B62F32A5EFF3A00901F1C /* Day38.swift in Sources */ = {isa = PBXBuildFile; fileRef = 695B62F22A5EFF3A00901F1C /* Day38.swift */; };
		6960A0442A4B2C1E004983A9 /* Day23.swift in Sources */ = {isa = PBXBuildFile; fileRef = 6960A0432A4B2C1E004983A9 /* Day23.swift */; };
		6961984B2A3850C9005B2F7C /* Day9.swift in Sources */ = {isa = PBXBuildFile; fileRef = 6961984A2A3850C9005B2F7C /* Day9.swift */; };
		69671F0E2A6659C500C98D93 /* Day43.swift in Sources */ = {isa = PBXBuildFile; fileRef = 69671F0D2A6659C500C98D93 /* Day43.swift */; };
		69671F102A66F84E00C98D93 /* Day44.swift in Sources */ = {isa = PBXBuildFile; fileRef = 69671F0F2A66F84E00C98D93 /* Day44.swift */; };
		69671F122A683A6900C98D93 /* Day45.swift in Sources */ = {isa = PBXBuildFile; fileRef = 69671F112A683A6900C98D93 /* Day45.swift */; };
		69671F142A698A7F00C98D93 /* Day46.swift in Sources */ = {isa = PBXBuildFile; fileRef = 69671F132A698A7F00C98D93 /* Day46.swift */; };
		69671F162A6BAFCF00C98D93 /* Day47.swift in Sources */ = {isa = PBXBuildFile; fileRef = 69671F152A6BAFCF00C98D93 /* Day47.swift */; };
		696D30AE2A3C796600F18CE9 /* Day12.swift in Sources */ = {isa = PBXBuildFile; fileRef = 696D30AD2A3C796600F18CE9 /* Day12.swift */; };
		696D30B02A3DE3FA00F18CE9 /* Day13.swift in Sources */ = {isa = PBXBuildFile; fileRef = 696D30AF2A3DE3FA00F18CE9 /* Day13.swift */; };
		6970CEF92A9108DF00B25F0C /* Day75.swift in Sources */ = {isa = PBXBuildFile; fileRef = 6970CEF82A9108DF00B25F0C /* Day75.swift */; };
		6971120E2A7D363F000BDDA6 /* Day60.swift in Sources */ = {isa = PBXBuildFile; fileRef = 6971120D2A7D363F000BDDA6 /* Day60.swift */; };
		697112102A7D5651000BDDA6 /* Day61.swift in Sources */ = {isa = PBXBuildFile; fileRef = 6971120F2A7D5651000BDDA6 /* Day61.swift */; };
		697112122A7F8CA8000BDDA6 /* Day62.swift in Sources */ = {isa = PBXBuildFile; fileRef = 697112112A7F8CA8000BDDA6 /* Day62.swift */; };
		697112142A7F9A8E000BDDA6 /* Day63.swift in Sources */ = {isa = PBXBuildFile; fileRef = 697112132A7F9A8E000BDDA6 /* Day63.swift */; };
		6979AD022A85221D002A411F /* Day66.swift in Sources */ = {isa = PBXBuildFile; fileRef = 6979AD012A85221D002A411F /* Day66.swift */; };
		6979AD1B2A8615CF002A411F /* Day67.swift in Sources */ = {isa = PBXBuildFile; fileRef = 6979AD1A2A8615CF002A411F /* Day67.swift */; };
		6979AD262A86AA7E002A411F /* Day68.swift in Sources */ = {isa = PBXBuildFile; fileRef = 6979AD252A86AA7E002A411F /* Day68.swift */; };
		6979AD2F2A890C70002A411F /* Day69.swift in Sources */ = {isa = PBXBuildFile; fileRef = 6979AD2E2A890C70002A411F /* Day69.swift */; };
		6979AD312A8A55F4002A411F /* Day70.swift in Sources */ = {isa = PBXBuildFile; fileRef = 6979AD302A8A55F4002A411F /* Day70.swift */; };
		6979AD342A8BA0E2002A411F /* Day71.swift in Sources */ = {isa = PBXBuildFile; fileRef = 6979AD332A8BA0E2002A411F /* Day71.swift */; };
		697ACF972A518CB100A3CFCC /* Day28.swift in Sources */ = {isa = PBXBuildFile; fileRef = 697ACF962A518CB100A3CFCC /* Day28.swift */; };
		697D41C62A4851E900EFE54F /* Day21.swift in Sources */ = {isa = PBXBuildFile; fileRef = 697D41C52A4851E900EFE54F /* Day21.swift */; };
		697D41C82A49C7C100EFE54F /* Day22.swift in Sources */ = {isa = PBXBuildFile; fileRef = 697D41C72A49C7C100EFE54F /* Day22.swift */; };
		697EBB922A548D310080174E /* Day30.swift in Sources */ = {isa = PBXBuildFile; fileRef = 697EBB912A548D310080174E /* Day30.swift */; };
		697EBB942A55D9BD0080174E /* Day31.swift in Sources */ = {isa = PBXBuildFile; fileRef = 697EBB932A55D9BD0080174E /* Day31.swift */; };
		6980AC042A3B1BC300182760 /* Day11.swift in Sources */ = {isa = PBXBuildFile; fileRef = 6980AC032A3B1BC300182760 /* Day11.swift */; };
		6991C5A42A740A3E000A22DE /* Day54.swift in Sources */ = {isa = PBXBuildFile; fileRef = 6991C5A32A740A3E000A22DE /* Day54.swift */; };
		699CF4AB2A6D848300BCD74A /* Day48.swift in Sources */ = {isa = PBXBuildFile; fileRef = 699CF4AA2A6D848300BCD74A /* Day48.swift */; };
		699CF4AD2A6D919000BCD74A /* Day49.swift in Sources */ = {isa = PBXBuildFile; fileRef = 699CF4AC2A6D919000BCD74A /* Day49.swift */; };
		69A77B4E2A75473A00C59F9F /* Day55.swift in Sources */ = {isa = PBXBuildFile; fileRef = 69A77B4D2A75473A00C59F9F /* Day55.swift */; };
		69A77B542A76738B00C59F9F /* Day56.swift in Sources */ = {isa = PBXBuildFile; fileRef = 69A77B532A76738B00C59F9F /* Day56.swift */; };
		69ABD59D2A9B31E8006EF98F /* Alerts.swift in Sources */ = {isa = PBXBuildFile; fileRef = 69ABD59C2A9B31E8006EF98F /* Alerts.swift */; };
		69C7949A2A5C4E6300C52939 /* Day36.swift in Sources */ = {isa = PBXBuildFile; fileRef = 69C794992A5C4E6300C52939 /* Day36.swift */; };
		69C7949C2A5DD60700C52939 /* Day37.swift in Sources */ = {isa = PBXBuildFile; fileRef = 69C7949B2A5DD60700C52939 /* Day37.swift */; };
		69C930582A30656200A22AAE /* Day3.swift in Sources */ = {isa = PBXBuildFile; fileRef = 69C930572A30656200A22AAE /* Day3.swift */; };
		69C9305A2A31A52700A22AAE /* Day4.swift in Sources */ = {isa = PBXBuildFile; fileRef = 69C930592A31A52700A22AAE /* Day4.swift */; };
		69D153DC2A2D1F00002A1A46 /* DaysOfSwiftUIApp.swift in Sources */ = {isa = PBXBuildFile; fileRef = 69D153DB2A2D1F00002A1A46 /* DaysOfSwiftUIApp.swift */; };
		69D153DE2A2D1F00002A1A46 /* DaysOfSwiftUIView.swift in Sources */ = {isa = PBXBuildFile; fileRef = 69D153DD2A2D1F00002A1A46 /* DaysOfSwiftUIView.swift */; };
		69D153E02A2D1F01002A1A46 /* Assets.xcassets in Resources */ = {isa = PBXBuildFile; fileRef = 69D153DF2A2D1F01002A1A46 /* Assets.xcassets */; };
		69D153E32A2D1F01002A1A46 /* Preview Assets.xcassets in Resources */ = {isa = PBXBuildFile; fileRef = 69D153E22A2D1F01002A1A46 /* Preview Assets.xcassets */; };
		69D153ED2A2D1F01002A1A46 /* DaysOfSwiftUITests.swift in Sources */ = {isa = PBXBuildFile; fileRef = 69D153EC2A2D1F01002A1A46 /* DaysOfSwiftUITests.swift */; };
		69D153F72A2D1F01002A1A46 /* DaysOfSwiftUIUITests.swift in Sources */ = {isa = PBXBuildFile; fileRef = 69D153F62A2D1F01002A1A46 /* DaysOfSwiftUIUITests.swift */; };
		69D153F92A2D1F01002A1A46 /* DaysOfSwiftUIUITestsLaunchTests.swift in Sources */ = {isa = PBXBuildFile; fileRef = 69D153F82A2D1F01002A1A46 /* DaysOfSwiftUIUITestsLaunchTests.swift */; };
		69D154072A2E330F002A1A46 /* Day1.swift in Sources */ = {isa = PBXBuildFile; fileRef = 69D154062A2E330F002A1A46 /* Day1.swift */; };
		69D154492A2F2D08002A1A46 /* Day2.swift in Sources */ = {isa = PBXBuildFile; fileRef = 69D154482A2F2D08002A1A46 /* Day2.swift */; };
		69DB88172A5739B500DF8E80 /* Day32.swift in Sources */ = {isa = PBXBuildFile; fileRef = 69DB88162A5739B500DF8E80 /* Day32.swift */; };
		69DCD2EB2A40369600CAF9FE /* Day14.swift in Sources */ = {isa = PBXBuildFile; fileRef = 69DCD2EA2A40369600CAF9FE /* Day14.swift */; };
		69DCD2ED2A406E9000CAF9FE /* Day15.swift in Sources */ = {isa = PBXBuildFile; fileRef = 69DCD2EC2A406E9000CAF9FE /* Day15.swift */; };
		69DCD2EF2A420C3600CAF9FE /* Day16.swift in Sources */ = {isa = PBXBuildFile; fileRef = 69DCD2EE2A420C3600CAF9FE /* Day16.swift */; };
		69DCD2F12A42E71700CAF9FE /* Day17.swift in Sources */ = {isa = PBXBuildFile; fileRef = 69DCD2F02A42E71700CAF9FE /* Day17.swift */; };
		69DCD2FA2A446AEA00CAF9FE /* Day18.swift in Sources */ = {isa = PBXBuildFile; fileRef = 69DCD2F92A446AEA00CAF9FE /* Day18.swift */; };
		69DCD2FC2A45E2E900CAF9FE /* Day19.swift in Sources */ = {isa = PBXBuildFile; fileRef = 69DCD2FB2A45E2E900CAF9FE /* Day19.swift */; };
		69F90D652A7A882800B5DA64 /* Day59.swift in Sources */ = {isa = PBXBuildFile; fileRef = 69F90D642A7A882800B5DA64 /* Day59.swift */; };
		69FB204D2A39F9F0002BE8D2 /* Day10.swift in Sources */ = {isa = PBXBuildFile; fileRef = 69FB204C2A39F9F0002BE8D2 /* Day10.swift */; };
/* End PBXBuildFile section */

/* Begin PBXContainerItemProxy section */
		69D153E92A2D1F01002A1A46 /* PBXContainerItemProxy */ = {
			isa = PBXContainerItemProxy;
			containerPortal = 69D153D02A2D1F00002A1A46 /* Project object */;
			proxyType = 1;
			remoteGlobalIDString = 69D153D72A2D1F00002A1A46;
			remoteInfo = DaysOfSwiftUI;
		};
		69D153F32A2D1F01002A1A46 /* PBXContainerItemProxy */ = {
			isa = PBXContainerItemProxy;
			containerPortal = 69D153D02A2D1F00002A1A46 /* Project object */;
			proxyType = 1;
			remoteGlobalIDString = 69D153D72A2D1F00002A1A46;
			remoteInfo = DaysOfSwiftUI;
		};
/* End PBXContainerItemProxy section */

/* Begin PBXFileReference section */
		690867E82A71044800D8536D /* Day52.swift */ = {isa = PBXFileReference; lastKnownFileType = sourcecode.swift; path = Day52.swift; sourceTree = "<group>"; };
		69093A7B2A4C37CA00B6AEEC /* Day24.swift */ = {isa = PBXFileReference; lastKnownFileType = sourcecode.swift; path = Day24.swift; sourceTree = "<group>"; };
		690E345A2A53152E003DB74A /* Day29.swift */ = {isa = PBXFileReference; lastKnownFileType = sourcecode.swift; path = Day29.swift; sourceTree = "<group>"; };
		6911607C2A83B7C40088C378 /* Day64.swift */ = {isa = PBXFileReference; lastKnownFileType = sourcecode.swift; path = Day64.swift; sourceTree = "<group>"; };
		6911607F2A83B7EF0088C378 /* notification.mp3 */ = {isa = PBXFileReference; lastKnownFileType = audio.mp3; path = notification.mp3; sourceTree = "<group>"; };
		691160812A83B8400088C378 /* Day65.swift */ = {isa = PBXFileReference; lastKnownFileType = sourcecode.swift; path = Day65.swift; sourceTree = "<group>"; };
		6914955B2A36EF4700969A2B /* CoverView.swift */ = {isa = PBXFileReference; lastKnownFileType = sourcecode.swift; path = CoverView.swift; sourceTree = "<group>"; };
		6914955D2A37357D00969A2B /* Day8.swift */ = {isa = PBXFileReference; lastKnownFileType = sourcecode.swift; path = Day8.swift; sourceTree = "<group>"; };
		6918D4272A794B8B00007D80 /* Day57.swift */ = {isa = PBXFileReference; lastKnownFileType = sourcecode.swift; path = Day57.swift; sourceTree = "<group>"; };
		6918D4292A795CD000007D80 /* Day58.swift */ = {isa = PBXFileReference; lastKnownFileType = sourcecode.swift; path = Day58.swift; sourceTree = "<group>"; };
		691C49F02A8CBC3F003A6686 /* Day72.swift */ = {isa = PBXFileReference; lastKnownFileType = sourcecode.swift; path = Day72.swift; sourceTree = "<group>"; };
		691C49F22A8E4BF9003A6686 /* Day73.swift */ = {isa = PBXFileReference; lastKnownFileType = sourcecode.swift; path = Day73.swift; sourceTree = "<group>"; };
		691C4A1F2A8FA1F6003A6686 /* Day74.swift */ = {isa = PBXFileReference; lastKnownFileType = sourcecode.swift; path = Day74.swift; sourceTree = "<group>"; };
		691DC8022A606CED008591C7 /* Day39.swift */ = {isa = PBXFileReference; lastKnownFileType = sourcecode.swift; path = Day39.swift; sourceTree = "<group>"; };
		691DC8042A62763A008591C7 /* Day40.swift */ = {isa = PBXFileReference; lastKnownFileType = sourcecode.swift; path = Day40.swift; sourceTree = "<group>"; };
		691DC8062A628E67008591C7 /* Day41.swift */ = {isa = PBXFileReference; lastKnownFileType = sourcecode.swift; path = Day41.swift; sourceTree = "<group>"; };
		691DC80E2A6402E4008591C7 /* Day42.swift */ = {isa = PBXFileReference; lastKnownFileType = sourcecode.swift; path = Day42.swift; sourceTree = "<group>"; };
		692117A42A3300930065B7C9 /* Day5.swift */ = {isa = PBXFileReference; lastKnownFileType = sourcecode.swift; path = Day5.swift; sourceTree = "<group>"; };
		692117A62A3430390065B7C9 /* Day6.swift */ = {isa = PBXFileReference; lastKnownFileType = sourcecode.swift; path = Day6.swift; sourceTree = "<group>"; };
		692117A82A35A0630065B7C9 /* Day7.swift */ = {isa = PBXFileReference; lastKnownFileType = sourcecode.swift; path = Day7.swift; sourceTree = "<group>"; };
		692366982A46F61400CCF2FD /* Day20.swift */ = {isa = PBXFileReference; lastKnownFileType = sourcecode.swift; path = Day20.swift; sourceTree = "<group>"; };
		6924A0ED2A9283FE001F128A /* Day77.swift */ = {isa = PBXFileReference; lastKnownFileType = sourcecode.swift; path = Day77.swift; sourceTree = "<group>"; };
		692A88B92A969C4C00124E19 /* AIGameplayView.swift */ = {isa = PBXFileReference; lastKnownFileType = sourcecode.swift; path = AIGameplayView.swift; sourceTree = "<group>"; };
		692EF49C2A93F92200C3A4C0 /* TabNavigationView.swift */ = {isa = PBXFileReference; lastKnownFileType = sourcecode.swift; path = TabNavigationView.swift; sourceTree = "<group>"; };
		692EF49E2A93F9AE00C3A4C0 /* AIView.swift */ = {isa = PBXFileReference; lastKnownFileType = sourcecode.swift; path = AIView.swift; sourceTree = "<group>"; };
		692EF4A02A93F9BF00C3A4C0 /* AgainstMode.swift */ = {isa = PBXFileReference; lastKnownFileType = sourcecode.swift; path = AgainstMode.swift; sourceTree = "<group>"; };
		692EF4A22A93FA0C00C3A4C0 /* DiscoverView.swift */ = {isa = PBXFileReference; lastKnownFileType = sourcecode.swift; path = DiscoverView.swift; sourceTree = "<group>"; };
		692EF4A42A93FA3A00C3A4C0 /* SettingsView.swift */ = {isa = PBXFileReference; lastKnownFileType = sourcecode.swift; path = SettingsView.swift; sourceTree = "<group>"; };
		693ADC0A2A5AB86400CCA773 /* Day35.swift */ = {isa = PBXFileReference; lastKnownFileType = sourcecode.swift; path = Day35.swift; sourceTree = "<group>"; };
		693DB7C22A6F08A6009EB64D /* Day50.swift */ = {isa = PBXFileReference; lastKnownFileType = sourcecode.swift; path = Day50.swift; sourceTree = "<group>"; };
		693DB7C42A6FA1B7009EB64D /* Day51.swift */ = {isa = PBXFileReference; lastKnownFileType = sourcecode.swift; path = Day51.swift; sourceTree = "<group>"; };
		693EDE7C2A5944CE007C5F57 /* Day34.swift */ = {isa = PBXFileReference; lastKnownFileType = sourcecode.swift; path = Day34.swift; sourceTree = "<group>"; };
		694323C62A922FB700C0313C /* Day76.swift */ = {isa = PBXFileReference; lastKnownFileType = sourcecode.swift; path = Day76.swift; sourceTree = "<group>"; };
		694377EA2A5884D0004BE937 /* Day33.swift */ = {isa = PBXFileReference; lastKnownFileType = sourcecode.swift; path = Day33.swift; sourceTree = "<group>"; };
		694549D22AA229C400680365 /* AIViewModel.swift */ = {isa = PBXFileReference; lastKnownFileType = sourcecode.swift; path = AIViewModel.swift; sourceTree = "<group>"; };
		694549D52AA22EC300680365 /* XIndicatorView.swift */ = {isa = PBXFileReference; lastKnownFileType = sourcecode.swift; path = XIndicatorView.swift; sourceTree = "<group>"; };
		694549D72AA22ED300680365 /* AIOIndicatorView.swift */ = {isa = PBXFileReference; lastKnownFileType = sourcecode.swift; path = AIOIndicatorView.swift; sourceTree = "<group>"; };
		694549DC2AA22F6200680365 /* Move.swift */ = {isa = PBXFileReference; lastKnownFileType = sourcecode.swift; path = Move.swift; sourceTree = "<group>"; };
		694549DF2AA4A70D00680365 /* AgainstGameplayView.swift */ = {isa = PBXFileReference; lastKnownFileType = sourcecode.swift; path = AgainstGameplayView.swift; sourceTree = "<group>"; };
		694549E12AA5E56000680365 /* AgainstViewModel.swift */ = {isa = PBXFileReference; lastKnownFileType = sourcecode.swift; path = AgainstViewModel.swift; sourceTree = "<group>"; };
		694549E32AA5E88800680365 /* AOIndicatorView.swift */ = {isa = PBXFileReference; lastKnownFileType = sourcecode.swift; path = AOIndicatorView.swift; sourceTree = "<group>"; };
		69557C772A4D5ED200D10D08 /* Day25.swift */ = {isa = PBXFileReference; lastKnownFileType = sourcecode.swift; path = Day25.swift; sourceTree = "<group>"; };
		69557C7B2A4F2D5200D10D08 /* Day26.swift */ = {isa = PBXFileReference; lastKnownFileType = sourcecode.swift; path = Day26.swift; sourceTree = "<group>"; };
		69557C7F2A5000F300D10D08 /* Day27.swift */ = {isa = PBXFileReference; lastKnownFileType = sourcecode.swift; path = Day27.swift; sourceTree = "<group>"; };
		695A32032A72D10300A9F682 /* Day53.swift */ = {isa = PBXFileReference; lastKnownFileType = sourcecode.swift; path = Day53.swift; sourceTree = "<group>"; };
		695B62F22A5EFF3A00901F1C /* Day38.swift */ = {isa = PBXFileReference; lastKnownFileType = sourcecode.swift; path = Day38.swift; sourceTree = "<group>"; };
		6960A0432A4B2C1E004983A9 /* Day23.swift */ = {isa = PBXFileReference; lastKnownFileType = sourcecode.swift; path = Day23.swift; sourceTree = "<group>"; };
		6961984A2A3850C9005B2F7C /* Day9.swift */ = {isa = PBXFileReference; lastKnownFileType = sourcecode.swift; path = Day9.swift; sourceTree = "<group>"; };
		69671F0D2A6659C500C98D93 /* Day43.swift */ = {isa = PBXFileReference; lastKnownFileType = sourcecode.swift; path = Day43.swift; sourceTree = "<group>"; };
		69671F0F2A66F84E00C98D93 /* Day44.swift */ = {isa = PBXFileReference; lastKnownFileType = sourcecode.swift; path = Day44.swift; sourceTree = "<group>"; };
		69671F112A683A6900C98D93 /* Day45.swift */ = {isa = PBXFileReference; lastKnownFileType = sourcecode.swift; path = Day45.swift; sourceTree = "<group>"; };
		69671F132A698A7F00C98D93 /* Day46.swift */ = {isa = PBXFileReference; lastKnownFileType = sourcecode.swift; path = Day46.swift; sourceTree = "<group>"; };
		69671F152A6BAFCF00C98D93 /* Day47.swift */ = {isa = PBXFileReference; lastKnownFileType = sourcecode.swift; path = Day47.swift; sourceTree = "<group>"; };
		696D30AD2A3C796600F18CE9 /* Day12.swift */ = {isa = PBXFileReference; lastKnownFileType = sourcecode.swift; path = Day12.swift; sourceTree = "<group>"; };
		696D30AF2A3DE3FA00F18CE9 /* Day13.swift */ = {isa = PBXFileReference; lastKnownFileType = sourcecode.swift; path = Day13.swift; sourceTree = "<group>"; };
		6970CEF82A9108DF00B25F0C /* Day75.swift */ = {isa = PBXFileReference; lastKnownFileType = sourcecode.swift; path = Day75.swift; sourceTree = "<group>"; };
		6971120D2A7D363F000BDDA6 /* Day60.swift */ = {isa = PBXFileReference; lastKnownFileType = sourcecode.swift; path = Day60.swift; sourceTree = "<group>"; };
		6971120F2A7D5651000BDDA6 /* Day61.swift */ = {isa = PBXFileReference; lastKnownFileType = sourcecode.swift; path = Day61.swift; sourceTree = "<group>"; };
		697112112A7F8CA8000BDDA6 /* Day62.swift */ = {isa = PBXFileReference; lastKnownFileType = sourcecode.swift; path = Day62.swift; sourceTree = "<group>"; };
		697112132A7F9A8E000BDDA6 /* Day63.swift */ = {isa = PBXFileReference; lastKnownFileType = sourcecode.swift; path = Day63.swift; sourceTree = "<group>"; };
		6979AD012A85221D002A411F /* Day66.swift */ = {isa = PBXFileReference; lastKnownFileType = sourcecode.swift; path = Day66.swift; sourceTree = "<group>"; };
		6979AD1A2A8615CF002A411F /* Day67.swift */ = {isa = PBXFileReference; lastKnownFileType = sourcecode.swift; path = Day67.swift; sourceTree = "<group>"; };
		6979AD252A86AA7E002A411F /* Day68.swift */ = {isa = PBXFileReference; lastKnownFileType = sourcecode.swift; path = Day68.swift; sourceTree = "<group>"; };
		6979AD2E2A890C70002A411F /* Day69.swift */ = {isa = PBXFileReference; lastKnownFileType = sourcecode.swift; path = Day69.swift; sourceTree = "<group>"; };
		6979AD302A8A55F4002A411F /* Day70.swift */ = {isa = PBXFileReference; lastKnownFileType = sourcecode.swift; path = Day70.swift; sourceTree = "<group>"; };
		6979AD332A8BA0E2002A411F /* Day71.swift */ = {isa = PBXFileReference; lastKnownFileType = sourcecode.swift; path = Day71.swift; sourceTree = "<group>"; };
		697ACF962A518CB100A3CFCC /* Day28.swift */ = {isa = PBXFileReference; lastKnownFileType = sourcecode.swift; path = Day28.swift; sourceTree = "<group>"; };
		697D41C52A4851E900EFE54F /* Day21.swift */ = {isa = PBXFileReference; lastKnownFileType = sourcecode.swift; path = Day21.swift; sourceTree = "<group>"; };
		697D41C72A49C7C100EFE54F /* Day22.swift */ = {isa = PBXFileReference; lastKnownFileType = sourcecode.swift; path = Day22.swift; sourceTree = "<group>"; };
		697EBB912A548D310080174E /* Day30.swift */ = {isa = PBXFileReference; lastKnownFileType = sourcecode.swift; path = Day30.swift; sourceTree = "<group>"; };
		697EBB932A55D9BD0080174E /* Day31.swift */ = {isa = PBXFileReference; lastKnownFileType = sourcecode.swift; path = Day31.swift; sourceTree = "<group>"; };
		6980AC032A3B1BC300182760 /* Day11.swift */ = {isa = PBXFileReference; lastKnownFileType = sourcecode.swift; path = Day11.swift; sourceTree = "<group>"; };
		6991C5A32A740A3E000A22DE /* Day54.swift */ = {isa = PBXFileReference; lastKnownFileType = sourcecode.swift; path = Day54.swift; sourceTree = "<group>"; };
		699CF4AA2A6D848300BCD74A /* Day48.swift */ = {isa = PBXFileReference; lastKnownFileType = sourcecode.swift; path = Day48.swift; sourceTree = "<group>"; };
		699CF4AC2A6D919000BCD74A /* Day49.swift */ = {isa = PBXFileReference; lastKnownFileType = sourcecode.swift; path = Day49.swift; sourceTree = "<group>"; };
		69A77B4D2A75473A00C59F9F /* Day55.swift */ = {isa = PBXFileReference; lastKnownFileType = sourcecode.swift; path = Day55.swift; sourceTree = "<group>"; };
		69A77B532A76738B00C59F9F /* Day56.swift */ = {isa = PBXFileReference; lastKnownFileType = sourcecode.swift; path = Day56.swift; sourceTree = "<group>"; };
		69ABD59C2A9B31E8006EF98F /* Alerts.swift */ = {isa = PBXFileReference; lastKnownFileType = sourcecode.swift; path = Alerts.swift; sourceTree = "<group>"; };
		69C794992A5C4E6300C52939 /* Day36.swift */ = {isa = PBXFileReference; lastKnownFileType = sourcecode.swift; path = Day36.swift; sourceTree = "<group>"; };
		69C7949B2A5DD60700C52939 /* Day37.swift */ = {isa = PBXFileReference; lastKnownFileType = sourcecode.swift; path = Day37.swift; sourceTree = "<group>"; };
		69C930572A30656200A22AAE /* Day3.swift */ = {isa = PBXFileReference; lastKnownFileType = sourcecode.swift; path = Day3.swift; sourceTree = "<group>"; };
		69C930592A31A52700A22AAE /* Day4.swift */ = {isa = PBXFileReference; lastKnownFileType = sourcecode.swift; path = Day4.swift; sourceTree = "<group>"; };
		69D153D82A2D1F00002A1A46 /* DaysOfSwiftUI.app */ = {isa = PBXFileReference; explicitFileType = wrapper.application; includeInIndex = 0; path = DaysOfSwiftUI.app; sourceTree = BUILT_PRODUCTS_DIR; };
		69D153DB2A2D1F00002A1A46 /* DaysOfSwiftUIApp.swift */ = {isa = PBXFileReference; lastKnownFileType = sourcecode.swift; path = DaysOfSwiftUIApp.swift; sourceTree = "<group>"; };
		69D153DD2A2D1F00002A1A46 /* DaysOfSwiftUIView.swift */ = {isa = PBXFileReference; lastKnownFileType = sourcecode.swift; path = DaysOfSwiftUIView.swift; sourceTree = "<group>"; };
		69D153DF2A2D1F01002A1A46 /* Assets.xcassets */ = {isa = PBXFileReference; lastKnownFileType = folder.assetcatalog; path = Assets.xcassets; sourceTree = "<group>"; };
		69D153E22A2D1F01002A1A46 /* Preview Assets.xcassets */ = {isa = PBXFileReference; lastKnownFileType = folder.assetcatalog; path = "Preview Assets.xcassets"; sourceTree = "<group>"; };
		69D153E82A2D1F01002A1A46 /* DaysOfSwiftUITests.xctest */ = {isa = PBXFileReference; explicitFileType = wrapper.cfbundle; includeInIndex = 0; path = DaysOfSwiftUITests.xctest; sourceTree = BUILT_PRODUCTS_DIR; };
		69D153EC2A2D1F01002A1A46 /* DaysOfSwiftUITests.swift */ = {isa = PBXFileReference; lastKnownFileType = sourcecode.swift; path = DaysOfSwiftUITests.swift; sourceTree = "<group>"; };
		69D153F22A2D1F01002A1A46 /* DaysOfSwiftUIUITests.xctest */ = {isa = PBXFileReference; explicitFileType = wrapper.cfbundle; includeInIndex = 0; path = DaysOfSwiftUIUITests.xctest; sourceTree = BUILT_PRODUCTS_DIR; };
		69D153F62A2D1F01002A1A46 /* DaysOfSwiftUIUITests.swift */ = {isa = PBXFileReference; lastKnownFileType = sourcecode.swift; path = DaysOfSwiftUIUITests.swift; sourceTree = "<group>"; };
		69D153F82A2D1F01002A1A46 /* DaysOfSwiftUIUITestsLaunchTests.swift */ = {isa = PBXFileReference; lastKnownFileType = sourcecode.swift; path = DaysOfSwiftUIUITestsLaunchTests.swift; sourceTree = "<group>"; };
		69D154062A2E330F002A1A46 /* Day1.swift */ = {isa = PBXFileReference; lastKnownFileType = sourcecode.swift; path = Day1.swift; sourceTree = "<group>"; };
		69D154482A2F2D08002A1A46 /* Day2.swift */ = {isa = PBXFileReference; lastKnownFileType = sourcecode.swift; path = Day2.swift; sourceTree = "<group>"; };
		69DB88162A5739B500DF8E80 /* Day32.swift */ = {isa = PBXFileReference; lastKnownFileType = sourcecode.swift; path = Day32.swift; sourceTree = "<group>"; };
		69DCD2EA2A40369600CAF9FE /* Day14.swift */ = {isa = PBXFileReference; lastKnownFileType = sourcecode.swift; path = Day14.swift; sourceTree = "<group>"; };
		69DCD2EC2A406E9000CAF9FE /* Day15.swift */ = {isa = PBXFileReference; lastKnownFileType = sourcecode.swift; path = Day15.swift; sourceTree = "<group>"; };
		69DCD2EE2A420C3600CAF9FE /* Day16.swift */ = {isa = PBXFileReference; lastKnownFileType = sourcecode.swift; path = Day16.swift; sourceTree = "<group>"; };
		69DCD2F02A42E71700CAF9FE /* Day17.swift */ = {isa = PBXFileReference; lastKnownFileType = sourcecode.swift; path = Day17.swift; sourceTree = "<group>"; };
		69DCD2F92A446AEA00CAF9FE /* Day18.swift */ = {isa = PBXFileReference; lastKnownFileType = sourcecode.swift; path = Day18.swift; sourceTree = "<group>"; };
		69DCD2FB2A45E2E900CAF9FE /* Day19.swift */ = {isa = PBXFileReference; lastKnownFileType = sourcecode.swift; path = Day19.swift; sourceTree = "<group>"; };
		69F90D642A7A882800B5DA64 /* Day59.swift */ = {isa = PBXFileReference; lastKnownFileType = sourcecode.swift; path = Day59.swift; sourceTree = "<group>"; };
		69FB204C2A39F9F0002BE8D2 /* Day10.swift */ = {isa = PBXFileReference; lastKnownFileType = sourcecode.swift; path = Day10.swift; sourceTree = "<group>"; };
/* End PBXFileReference section */

/* Begin PBXFrameworksBuildPhase section */
		69D153D52A2D1F00002A1A46 /* Frameworks */ = {
			isa = PBXFrameworksBuildPhase;
			buildActionMask = 2147483647;
			files = (
			);
			runOnlyForDeploymentPostprocessing = 0;
		};
		69D153E52A2D1F01002A1A46 /* Frameworks */ = {
			isa = PBXFrameworksBuildPhase;
			buildActionMask = 2147483647;
			files = (
			);
			runOnlyForDeploymentPostprocessing = 0;
		};
		69D153EF2A2D1F01002A1A46 /* Frameworks */ = {
			isa = PBXFrameworksBuildPhase;
			buildActionMask = 2147483647;
			files = (
			);
			runOnlyForDeploymentPostprocessing = 0;
		};
/* End PBXFrameworksBuildPhase section */

/* Begin PBXGroup section */
		6911607B2A83B7AA0088C378 /* W10 */ = {
			isa = PBXGroup;
			children = (
				6911607C2A83B7C40088C378 /* Day64.swift */,
				691160812A83B8400088C378 /* Day65.swift */,
				6979AD012A85221D002A411F /* Day66.swift */,
				6979AD1A2A8615CF002A411F /* Day67.swift */,
				6979AD252A86AA7E002A411F /* Day68.swift */,
				6979AD2E2A890C70002A411F /* Day69.swift */,
				6979AD302A8A55F4002A411F /* Day70.swift */,
			);
			path = W10;
			sourceTree = "<group>";
		};
		6911607E2A83B7D20088C378 /* Sound */ = {
			isa = PBXGroup;
			children = (
				6911607F2A83B7EF0088C378 /* notification.mp3 */,
			);
			path = Sound;
			sourceTree = "<group>";
		};
		6918D4262A794B7F00007D80 /* W9 */ = {
			isa = PBXGroup;
			children = (
				6918D4272A794B8B00007D80 /* Day57.swift */,
				6918D4292A795CD000007D80 /* Day58.swift */,
				69F90D642A7A882800B5DA64 /* Day59.swift */,
				6971120D2A7D363F000BDDA6 /* Day60.swift */,
				6971120F2A7D5651000BDDA6 /* Day61.swift */,
				697112112A7F8CA8000BDDA6 /* Day62.swift */,
				697112132A7F9A8E000BDDA6 /* Day63.swift */,
			);
			path = W9;
			sourceTree = "<group>";
		};
		691DC8082A628E74008591C7 /* W1 */ = {
			isa = PBXGroup;
			children = (
				6914955B2A36EF4700969A2B /* CoverView.swift */,
				69D154062A2E330F002A1A46 /* Day1.swift */,
				69D154482A2F2D08002A1A46 /* Day2.swift */,
				69C930572A30656200A22AAE /* Day3.swift */,
				69C930592A31A52700A22AAE /* Day4.swift */,
				692117A42A3300930065B7C9 /* Day5.swift */,
				692117A62A3430390065B7C9 /* Day6.swift */,
				692117A82A35A0630065B7C9 /* Day7.swift */,
			);
			path = W1;
			sourceTree = "<group>";
		};
		691DC8092A628E84008591C7 /* W2 */ = {
			isa = PBXGroup;
			children = (
				6914955D2A37357D00969A2B /* Day8.swift */,
				6961984A2A3850C9005B2F7C /* Day9.swift */,
				69FB204C2A39F9F0002BE8D2 /* Day10.swift */,
				6980AC032A3B1BC300182760 /* Day11.swift */,
				696D30AD2A3C796600F18CE9 /* Day12.swift */,
				696D30AF2A3DE3FA00F18CE9 /* Day13.swift */,
				69DCD2EA2A40369600CAF9FE /* Day14.swift */,
			);
			path = W2;
			sourceTree = "<group>";
		};
		691DC80A2A628EA7008591C7 /* W3 */ = {
			isa = PBXGroup;
			children = (
				69DCD2EC2A406E9000CAF9FE /* Day15.swift */,
				69DCD2EE2A420C3600CAF9FE /* Day16.swift */,
				69DCD2F02A42E71700CAF9FE /* Day17.swift */,
				69DCD2F92A446AEA00CAF9FE /* Day18.swift */,
				69DCD2FB2A45E2E900CAF9FE /* Day19.swift */,
				692366982A46F61400CCF2FD /* Day20.swift */,
				697D41C52A4851E900EFE54F /* Day21.swift */,
			);
			path = W3;
			sourceTree = "<group>";
		};
		691DC80B2A628EB1008591C7 /* W4 */ = {
			isa = PBXGroup;
			children = (
				697D41C72A49C7C100EFE54F /* Day22.swift */,
				6960A0432A4B2C1E004983A9 /* Day23.swift */,
				69093A7B2A4C37CA00B6AEEC /* Day24.swift */,
				69557C772A4D5ED200D10D08 /* Day25.swift */,
				69557C7B2A4F2D5200D10D08 /* Day26.swift */,
				69557C7F2A5000F300D10D08 /* Day27.swift */,
				697ACF962A518CB100A3CFCC /* Day28.swift */,
			);
			path = W4;
			sourceTree = "<group>";
		};
		691DC80C2A628EB6008591C7 /* W5 */ = {
			isa = PBXGroup;
			children = (
				690E345A2A53152E003DB74A /* Day29.swift */,
				697EBB912A548D310080174E /* Day30.swift */,
				697EBB932A55D9BD0080174E /* Day31.swift */,
				69DB88162A5739B500DF8E80 /* Day32.swift */,
				694377EA2A5884D0004BE937 /* Day33.swift */,
				693EDE7C2A5944CE007C5F57 /* Day34.swift */,
				693ADC0A2A5AB86400CCA773 /* Day35.swift */,
			);
			path = W5;
			sourceTree = "<group>";
		};
		691DC80D2A628EBD008591C7 /* W6 */ = {
			isa = PBXGroup;
			children = (
				69C794992A5C4E6300C52939 /* Day36.swift */,
				69C7949B2A5DD60700C52939 /* Day37.swift */,
				695B62F22A5EFF3A00901F1C /* Day38.swift */,
				691DC8022A606CED008591C7 /* Day39.swift */,
				691DC8042A62763A008591C7 /* Day40.swift */,
				691DC8062A628E67008591C7 /* Day41.swift */,
				691DC80E2A6402E4008591C7 /* Day42.swift */,
			);
			path = W6;
			sourceTree = "<group>";
		};
		692EF4982A93DCB200C3A4C0 /* W12-W13-W14 */ = {
			isa = PBXGroup;
			children = (
				692EF4992A93DCD900C3A4C0 /* Tic-Tac-Toe */,
			);
			path = "W12-W13-W14";
			sourceTree = "<group>";
		};
		692EF4992A93DCD900C3A4C0 /* Tic-Tac-Toe */ = {
			isa = PBXGroup;
			children = (
				694549DB2AA22F3700680365 /* Model */,
				694549D42AA22EB100680365 /* View */,
				694549D12AA229B300680365 /* ViewModel */,
			);
			path = "Tic-Tac-Toe";
			sourceTree = "<group>";
		};
		693DB7C12A6F088D009EB64D /* W8 */ = {
			isa = PBXGroup;
			children = (
				693DB7C22A6F08A6009EB64D /* Day50.swift */,
				693DB7C42A6FA1B7009EB64D /* Day51.swift */,
				690867E82A71044800D8536D /* Day52.swift */,
				695A32032A72D10300A9F682 /* Day53.swift */,
				6991C5A32A740A3E000A22DE /* Day54.swift */,
				69A77B4D2A75473A00C59F9F /* Day55.swift */,
				69A77B532A76738B00C59F9F /* Day56.swift */,
			);
			path = W8;
			sourceTree = "<group>";
		};
		694549D12AA229B300680365 /* ViewModel */ = {
			isa = PBXGroup;
			children = (
				694549D22AA229C400680365 /* AIViewModel.swift */,
				694549E12AA5E56000680365 /* AgainstViewModel.swift */,
			);
			path = ViewModel;
			sourceTree = "<group>";
		};
		694549D42AA22EB100680365 /* View */ = {
			isa = PBXGroup;
			children = (
				692EF49C2A93F92200C3A4C0 /* TabNavigationView.swift */,
				694549DE2AA22FE900680365 /* Gameplay */,
				694549DA2AA22F0E00680365 /* Tabs */,
				694549D92AA22F0100680365 /* Indicators */,
			);
			path = View;
			sourceTree = "<group>";
		};
		694549D92AA22F0100680365 /* Indicators */ = {
			isa = PBXGroup;
			children = (
				694549D52AA22EC300680365 /* XIndicatorView.swift */,
				694549D72AA22ED300680365 /* AIOIndicatorView.swift */,
				694549E32AA5E88800680365 /* AOIndicatorView.swift */,
			);
			path = Indicators;
			sourceTree = "<group>";
		};
		694549DA2AA22F0E00680365 /* Tabs */ = {
			isa = PBXGroup;
			children = (
				692EF49E2A93F9AE00C3A4C0 /* AIView.swift */,
				692EF4A02A93F9BF00C3A4C0 /* AgainstMode.swift */,
				692EF4A22A93FA0C00C3A4C0 /* DiscoverView.swift */,
				692EF4A42A93FA3A00C3A4C0 /* SettingsView.swift */,
			);
			path = Tabs;
			sourceTree = "<group>";
		};
		694549DB2AA22F3700680365 /* Model */ = {
			isa = PBXGroup;
			children = (
				69ABD59C2A9B31E8006EF98F /* Alerts.swift */,
				694549DC2AA22F6200680365 /* Move.swift */,
			);
			path = Model;
			sourceTree = "<group>";
		};
		694549DE2AA22FE900680365 /* Gameplay */ = {
			isa = PBXGroup;
			children = (
				692A88B92A969C4C00124E19 /* AIGameplayView.swift */,
				694549DF2AA4A70D00680365 /* AgainstGameplayView.swift */,
			);
			path = Gameplay;
			sourceTree = "<group>";
		};
		69671F0C2A66599300C98D93 /* W7 */ = {
			isa = PBXGroup;
			children = (
				69671F0D2A6659C500C98D93 /* Day43.swift */,
				69671F0F2A66F84E00C98D93 /* Day44.swift */,
				69671F112A683A6900C98D93 /* Day45.swift */,
				69671F132A698A7F00C98D93 /* Day46.swift */,
				69671F152A6BAFCF00C98D93 /* Day47.swift */,
				699CF4AA2A6D848300BCD74A /* Day48.swift */,
				699CF4AC2A6D919000BCD74A /* Day49.swift */,
			);
			path = W7;
			sourceTree = "<group>";
		};
		6979AD322A8BA0D2002A411F /* W11 */ = {
			isa = PBXGroup;
			children = (
				6979AD332A8BA0E2002A411F /* Day71.swift */,
				691C49F02A8CBC3F003A6686 /* Day72.swift */,
				691C49F22A8E4BF9003A6686 /* Day73.swift */,
				691C4A1F2A8FA1F6003A6686 /* Day74.swift */,
				6970CEF82A9108DF00B25F0C /* Day75.swift */,
				694323C62A922FB700C0313C /* Day76.swift */,
				6924A0ED2A9283FE001F128A /* Day77.swift */,
			);
			path = W11;
			sourceTree = "<group>";
		};
		69D153CF2A2D1F00002A1A46 = {
			isa = PBXGroup;
			children = (
				69D153DA2A2D1F00002A1A46 /* DaysOfSwiftUI */,
				69D153EB2A2D1F01002A1A46 /* DaysOfSwiftUITests */,
				69D153F52A2D1F01002A1A46 /* DaysOfSwiftUIUITests */,
				69D153D92A2D1F00002A1A46 /* Products */,
			);
			sourceTree = "<group>";
		};
		69D153D92A2D1F00002A1A46 /* Products */ = {
			isa = PBXGroup;
			children = (
				69D153D82A2D1F00002A1A46 /* DaysOfSwiftUI.app */,
				69D153E82A2D1F01002A1A46 /* DaysOfSwiftUITests.xctest */,
				69D153F22A2D1F01002A1A46 /* DaysOfSwiftUIUITests.xctest */,
			);
			name = Products;
			sourceTree = "<group>";
		};
		69D153DA2A2D1F00002A1A46 /* DaysOfSwiftUI */ = {
			isa = PBXGroup;
			children = (
				6911607E2A83B7D20088C378 /* Sound */,
				69D154052A2E32F8002A1A46 /* Views */,
				69D153DB2A2D1F00002A1A46 /* DaysOfSwiftUIApp.swift */,
				69D153DD2A2D1F00002A1A46 /* DaysOfSwiftUIView.swift */,
				69D153DF2A2D1F01002A1A46 /* Assets.xcassets */,
				69D153E12A2D1F01002A1A46 /* Preview Content */,
			);
			path = DaysOfSwiftUI;
			sourceTree = "<group>";
		};
		69D153E12A2D1F01002A1A46 /* Preview Content */ = {
			isa = PBXGroup;
			children = (
				69D153E22A2D1F01002A1A46 /* Preview Assets.xcassets */,
			);
			path = "Preview Content";
			sourceTree = "<group>";
		};
		69D153EB2A2D1F01002A1A46 /* DaysOfSwiftUITests */ = {
			isa = PBXGroup;
			children = (
				69D153EC2A2D1F01002A1A46 /* DaysOfSwiftUITests.swift */,
			);
			path = DaysOfSwiftUITests;
			sourceTree = "<group>";
		};
		69D153F52A2D1F01002A1A46 /* DaysOfSwiftUIUITests */ = {
			isa = PBXGroup;
			children = (
				69D153F62A2D1F01002A1A46 /* DaysOfSwiftUIUITests.swift */,
				69D153F82A2D1F01002A1A46 /* DaysOfSwiftUIUITestsLaunchTests.swift */,
			);
			path = DaysOfSwiftUIUITests;
			sourceTree = "<group>";
		};
		69D154052A2E32F8002A1A46 /* Views */ = {
			isa = PBXGroup;
			children = (
				692EF4982A93DCB200C3A4C0 /* W12-W13-W14 */,
				6979AD322A8BA0D2002A411F /* W11 */,
				6911607B2A83B7AA0088C378 /* W10 */,
				6918D4262A794B7F00007D80 /* W9 */,
				693DB7C12A6F088D009EB64D /* W8 */,
				69671F0C2A66599300C98D93 /* W7 */,
				691DC80D2A628EBD008591C7 /* W6 */,
				691DC80C2A628EB6008591C7 /* W5 */,
				691DC80B2A628EB1008591C7 /* W4 */,
				691DC80A2A628EA7008591C7 /* W3 */,
				691DC8092A628E84008591C7 /* W2 */,
				691DC8082A628E74008591C7 /* W1 */,
			);
			path = Views;
			sourceTree = "<group>";
		};
/* End PBXGroup section */

/* Begin PBXNativeTarget section */
		69D153D72A2D1F00002A1A46 /* DaysOfSwiftUI */ = {
			isa = PBXNativeTarget;
			buildConfigurationList = 69D153FC2A2D1F01002A1A46 /* Build configuration list for PBXNativeTarget "DaysOfSwiftUI" */;
			buildPhases = (
				69D153D42A2D1F00002A1A46 /* Sources */,
				69D153D52A2D1F00002A1A46 /* Frameworks */,
				69D153D62A2D1F00002A1A46 /* Resources */,
			);
			buildRules = (
			);
			dependencies = (
			);
			name = DaysOfSwiftUI;
			productName = DaysOfSwiftUI;
			productReference = 69D153D82A2D1F00002A1A46 /* DaysOfSwiftUI.app */;
			productType = "com.apple.product-type.application";
		};
		69D153E72A2D1F01002A1A46 /* DaysOfSwiftUITests */ = {
			isa = PBXNativeTarget;
			buildConfigurationList = 69D153FF2A2D1F01002A1A46 /* Build configuration list for PBXNativeTarget "DaysOfSwiftUITests" */;
			buildPhases = (
				69D153E42A2D1F01002A1A46 /* Sources */,
				69D153E52A2D1F01002A1A46 /* Frameworks */,
				69D153E62A2D1F01002A1A46 /* Resources */,
			);
			buildRules = (
			);
			dependencies = (
				69D153EA2A2D1F01002A1A46 /* PBXTargetDependency */,
			);
			name = DaysOfSwiftUITests;
			productName = DaysOfSwiftUITests;
			productReference = 69D153E82A2D1F01002A1A46 /* DaysOfSwiftUITests.xctest */;
			productType = "com.apple.product-type.bundle.unit-test";
		};
		69D153F12A2D1F01002A1A46 /* DaysOfSwiftUIUITests */ = {
			isa = PBXNativeTarget;
			buildConfigurationList = 69D154022A2D1F01002A1A46 /* Build configuration list for PBXNativeTarget "DaysOfSwiftUIUITests" */;
			buildPhases = (
				69D153EE2A2D1F01002A1A46 /* Sources */,
				69D153EF2A2D1F01002A1A46 /* Frameworks */,
				69D153F02A2D1F01002A1A46 /* Resources */,
			);
			buildRules = (
			);
			dependencies = (
				69D153F42A2D1F01002A1A46 /* PBXTargetDependency */,
			);
			name = DaysOfSwiftUIUITests;
			productName = DaysOfSwiftUIUITests;
			productReference = 69D153F22A2D1F01002A1A46 /* DaysOfSwiftUIUITests.xctest */;
			productType = "com.apple.product-type.bundle.ui-testing";
		};
/* End PBXNativeTarget section */

/* Begin PBXProject section */
		69D153D02A2D1F00002A1A46 /* Project object */ = {
			isa = PBXProject;
			attributes = {
				BuildIndependentTargetsInParallel = 1;
				LastSwiftUpdateCheck = 1420;
				LastUpgradeCheck = 1420;
				TargetAttributes = {
					69D153D72A2D1F00002A1A46 = {
						CreatedOnToolsVersion = 14.2;
					};
					69D153E72A2D1F01002A1A46 = {
						CreatedOnToolsVersion = 14.2;
						TestTargetID = 69D153D72A2D1F00002A1A46;
					};
					69D153F12A2D1F01002A1A46 = {
						CreatedOnToolsVersion = 14.2;
						TestTargetID = 69D153D72A2D1F00002A1A46;
					};
				};
			};
			buildConfigurationList = 69D153D32A2D1F00002A1A46 /* Build configuration list for PBXProject "DaysOfSwiftUI" */;
			compatibilityVersion = "Xcode 14.0";
			developmentRegion = en;
			hasScannedForEncodings = 0;
			knownRegions = (
				en,
				Base,
			);
			mainGroup = 69D153CF2A2D1F00002A1A46;
			productRefGroup = 69D153D92A2D1F00002A1A46 /* Products */;
			projectDirPath = "";
			projectRoot = "";
			targets = (
				69D153D72A2D1F00002A1A46 /* DaysOfSwiftUI */,
				69D153E72A2D1F01002A1A46 /* DaysOfSwiftUITests */,
				69D153F12A2D1F01002A1A46 /* DaysOfSwiftUIUITests */,
			);
		};
/* End PBXProject section */

/* Begin PBXResourcesBuildPhase section */
		69D153D62A2D1F00002A1A46 /* Resources */ = {
			isa = PBXResourcesBuildPhase;
			buildActionMask = 2147483647;
			files = (
				69D153E32A2D1F01002A1A46 /* Preview Assets.xcassets in Resources */,
				69D153E02A2D1F01002A1A46 /* Assets.xcassets in Resources */,
				691160802A83B7EF0088C378 /* notification.mp3 in Resources */,
			);
			runOnlyForDeploymentPostprocessing = 0;
		};
		69D153E62A2D1F01002A1A46 /* Resources */ = {
			isa = PBXResourcesBuildPhase;
			buildActionMask = 2147483647;
			files = (
			);
			runOnlyForDeploymentPostprocessing = 0;
		};
		69D153F02A2D1F01002A1A46 /* Resources */ = {
			isa = PBXResourcesBuildPhase;
			buildActionMask = 2147483647;
			files = (
			);
			runOnlyForDeploymentPostprocessing = 0;
		};
/* End PBXResourcesBuildPhase section */

/* Begin PBXSourcesBuildPhase section */
		69D153D42A2D1F00002A1A46 /* Sources */ = {
			isa = PBXSourcesBuildPhase;
			buildActionMask = 2147483647;
			files = (
				69DCD2FC2A45E2E900CAF9FE /* Day19.swift in Sources */,
				691C49F12A8CBC3F003A6686 /* Day72.swift in Sources */,
				6979AD022A85221D002A411F /* Day66.swift in Sources */,
				69671F162A6BAFCF00C98D93 /* Day47.swift in Sources */,
				693EDE7D2A5944CE007C5F57 /* Day34.swift in Sources */,
				692EF4A52A93FA3A00C3A4C0 /* SettingsView.swift in Sources */,
				69DB88172A5739B500DF8E80 /* Day32.swift in Sources */,
				69F90D652A7A882800B5DA64 /* Day59.swift in Sources */,
				699CF4AB2A6D848300BCD74A /* Day48.swift in Sources */,
				69671F142A698A7F00C98D93 /* Day46.swift in Sources */,
				691C4A202A8FA1F6003A6686 /* Day74.swift in Sources */,
				694549E02AA4A70D00680365 /* AgainstGameplayView.swift in Sources */,
				690867E92A71044800D8536D /* Day52.swift in Sources */,
				692EF4A32A93FA0C00C3A4C0 /* DiscoverView.swift in Sources */,
				697ACF972A518CB100A3CFCC /* Day28.swift in Sources */,
				69C7949A2A5C4E6300C52939 /* Day36.swift in Sources */,
				69557C802A5000F300D10D08 /* Day27.swift in Sources */,
				692EF49D2A93F92200C3A4C0 /* TabNavigationView.swift in Sources */,
				691160822A83B8400088C378 /* Day65.swift in Sources */,
				692EF49F2A93F9AE00C3A4C0 /* AIView.swift in Sources */,
				69C7949C2A5DD60700C52939 /* Day37.swift in Sources */,
				693DB7C52A6FA1B7009EB64D /* Day51.swift in Sources */,
				6979AD312A8A55F4002A411F /* Day70.swift in Sources */,
				697112142A7F9A8E000BDDA6 /* Day63.swift in Sources */,
				694549DD2AA22F6200680365 /* Move.swift in Sources */,
				695A32042A72D10300A9F682 /* Day53.swift in Sources */,
				694549E42AA5E88800680365 /* AOIndicatorView.swift in Sources */,
				69093A7C2A4C37CA00B6AEEC /* Day24.swift in Sources */,
				69D153DE2A2D1F00002A1A46 /* DaysOfSwiftUIView.swift in Sources */,
				69DCD2EF2A420C3600CAF9FE /* Day16.swift in Sources */,
				6918D4282A794B8B00007D80 /* Day57.swift in Sources */,
				6979AD1B2A8615CF002A411F /* Day67.swift in Sources */,
				692117A72A3430390065B7C9 /* Day6.swift in Sources */,
				6911607D2A83B7C40088C378 /* Day64.swift in Sources */,
				691C49F32A8E4BF9003A6686 /* Day73.swift in Sources */,
				696D30AE2A3C796600F18CE9 /* Day12.swift in Sources */,
				69DCD2FA2A446AEA00CAF9FE /* Day18.swift in Sources */,
				69671F122A683A6900C98D93 /* Day45.swift in Sources */,
				69557C7C2A4F2D5200D10D08 /* Day26.swift in Sources */,
				69DCD2EB2A40369600CAF9FE /* Day14.swift in Sources */,
				69671F102A66F84E00C98D93 /* Day44.swift in Sources */,
				692117A52A3300930065B7C9 /* Day5.swift in Sources */,
				691DC80F2A6402E4008591C7 /* Day42.swift in Sources */,
				69C9305A2A31A52700A22AAE /* Day4.swift in Sources */,
				6961984B2A3850C9005B2F7C /* Day9.swift in Sources */,
				691DC8052A62763A008591C7 /* Day40.swift in Sources */,
				69C930582A30656200A22AAE /* Day3.swift in Sources */,
				695B62F32A5EFF3A00901F1C /* Day38.swift in Sources */,
				691DC8072A628E67008591C7 /* Day41.swift in Sources */,
				6991C5A42A740A3E000A22DE /* Day54.swift in Sources */,
				690E345B2A53152E003DB74A /* Day29.swift in Sources */,
				6980AC042A3B1BC300182760 /* Day11.swift in Sources */,
				6979AD262A86AA7E002A411F /* Day68.swift in Sources */,
				691DC8032A606CED008591C7 /* Day39.swift in Sources */,
				696D30B02A3DE3FA00F18CE9 /* Day13.swift in Sources */,
				69FB204D2A39F9F0002BE8D2 /* Day10.swift in Sources */,
				692366992A46F61400CCF2FD /* Day20.swift in Sources */,
				69A77B4E2A75473A00C59F9F /* Day55.swift in Sources */,
				6914955E2A37357D00969A2B /* Day8.swift in Sources */,
				694377EB2A5884D0004BE937 /* Day33.swift in Sources */,
				694323C72A922FB700C0313C /* Day76.swift in Sources */,
				697112102A7D5651000BDDA6 /* Day61.swift in Sources */,
				69D154492A2F2D08002A1A46 /* Day2.swift in Sources */,
				6979AD342A8BA0E2002A411F /* Day71.swift in Sources */,
				699CF4AD2A6D919000BCD74A /* Day49.swift in Sources */,
				697D41C82A49C7C100EFE54F /* Day22.swift in Sources */,
				6970CEF92A9108DF00B25F0C /* Day75.swift in Sources */,
				6914955C2A36EF4700969A2B /* CoverView.swift in Sources */,
				69DCD2ED2A406E9000CAF9FE /* Day15.swift in Sources */,
				693DB7C32A6F08A6009EB64D /* Day50.swift in Sources */,
				6971120E2A7D363F000BDDA6 /* Day60.swift in Sources */,
				697112122A7F8CA8000BDDA6 /* Day62.swift in Sources */,
				697EBB922A548D310080174E /* Day30.swift in Sources */,
				69ABD59D2A9B31E8006EF98F /* Alerts.swift in Sources */,
				692A88BA2A969C4C00124E19 /* AIGameplayView.swift in Sources */,
				6924A0EE2A9283FE001F128A /* Day77.swift in Sources */,
				697EBB942A55D9BD0080174E /* Day31.swift in Sources */,
				694549D62AA22EC300680365 /* XIndicatorView.swift in Sources */,
				694549D32AA229C400680365 /* AIViewModel.swift in Sources */,
				694549D82AA22ED300680365 /* AIOIndicatorView.swift in Sources */,
				69DCD2F12A42E71700CAF9FE /* Day17.swift in Sources */,
				692EF4A12A93F9BF00C3A4C0 /* AgainstMode.swift in Sources */,
				69D154072A2E330F002A1A46 /* Day1.swift in Sources */,
				69A77B542A76738B00C59F9F /* Day56.swift in Sources */,
				69671F0E2A6659C500C98D93 /* Day43.swift in Sources */,
				692117A92A35A0630065B7C9 /* Day7.swift in Sources */,
				6960A0442A4B2C1E004983A9 /* Day23.swift in Sources */,
				69D153DC2A2D1F00002A1A46 /* DaysOfSwiftUIApp.swift in Sources */,
				6979AD2F2A890C70002A411F /* Day69.swift in Sources */,
				697D41C62A4851E900EFE54F /* Day21.swift in Sources */,
				693ADC0B2A5AB86400CCA773 /* Day35.swift in Sources */,
				69557C782A4D5ED200D10D08 /* Day25.swift in Sources */,
				694549E22AA5E56000680365 /* AgainstViewModel.swift in Sources */,
				6918D42A2A795CD000007D80 /* Day58.swift in Sources */,
			);
			runOnlyForDeploymentPostprocessing = 0;
		};
		69D153E42A2D1F01002A1A46 /* Sources */ = {
			isa = PBXSourcesBuildPhase;
			buildActionMask = 2147483647;
			files = (
				69D153ED2A2D1F01002A1A46 /* DaysOfSwiftUITests.swift in Sources */,
			);
			runOnlyForDeploymentPostprocessing = 0;
		};
		69D153EE2A2D1F01002A1A46 /* Sources */ = {
			isa = PBXSourcesBuildPhase;
			buildActionMask = 2147483647;
			files = (
				69D153F92A2D1F01002A1A46 /* DaysOfSwiftUIUITestsLaunchTests.swift in Sources */,
				69D153F72A2D1F01002A1A46 /* DaysOfSwiftUIUITests.swift in Sources */,
			);
			runOnlyForDeploymentPostprocessing = 0;
		};
/* End PBXSourcesBuildPhase section */

/* Begin PBXTargetDependency section */
		69D153EA2A2D1F01002A1A46 /* PBXTargetDependency */ = {
			isa = PBXTargetDependency;
			target = 69D153D72A2D1F00002A1A46 /* DaysOfSwiftUI */;
			targetProxy = 69D153E92A2D1F01002A1A46 /* PBXContainerItemProxy */;
		};
		69D153F42A2D1F01002A1A46 /* PBXTargetDependency */ = {
			isa = PBXTargetDependency;
			target = 69D153D72A2D1F00002A1A46 /* DaysOfSwiftUI */;
			targetProxy = 69D153F32A2D1F01002A1A46 /* PBXContainerItemProxy */;
		};
/* End PBXTargetDependency section */

/* Begin XCBuildConfiguration section */
		69D153FA2A2D1F01002A1A46 /* Debug */ = {
			isa = XCBuildConfiguration;
			buildSettings = {
				ALWAYS_SEARCH_USER_PATHS = NO;
				CLANG_ANALYZER_NONNULL = YES;
				CLANG_ANALYZER_NUMBER_OBJECT_CONVERSION = YES_AGGRESSIVE;
				CLANG_CXX_LANGUAGE_STANDARD = "gnu++20";
				CLANG_ENABLE_MODULES = YES;
				CLANG_ENABLE_OBJC_ARC = YES;
				CLANG_ENABLE_OBJC_WEAK = YES;
				CLANG_WARN_BLOCK_CAPTURE_AUTORELEASING = YES;
				CLANG_WARN_BOOL_CONVERSION = YES;
				CLANG_WARN_COMMA = YES;
				CLANG_WARN_CONSTANT_CONVERSION = YES;
				CLANG_WARN_DEPRECATED_OBJC_IMPLEMENTATIONS = YES;
				CLANG_WARN_DIRECT_OBJC_ISA_USAGE = YES_ERROR;
				CLANG_WARN_DOCUMENTATION_COMMENTS = YES;
				CLANG_WARN_EMPTY_BODY = YES;
				CLANG_WARN_ENUM_CONVERSION = YES;
				CLANG_WARN_INFINITE_RECURSION = YES;
				CLANG_WARN_INT_CONVERSION = YES;
				CLANG_WARN_NON_LITERAL_NULL_CONVERSION = YES;
				CLANG_WARN_OBJC_IMPLICIT_RETAIN_SELF = YES;
				CLANG_WARN_OBJC_LITERAL_CONVERSION = YES;
				CLANG_WARN_OBJC_ROOT_CLASS = YES_ERROR;
				CLANG_WARN_QUOTED_INCLUDE_IN_FRAMEWORK_HEADER = YES;
				CLANG_WARN_RANGE_LOOP_ANALYSIS = YES;
				CLANG_WARN_STRICT_PROTOTYPES = YES;
				CLANG_WARN_SUSPICIOUS_MOVE = YES;
				CLANG_WARN_UNGUARDED_AVAILABILITY = YES_AGGRESSIVE;
				CLANG_WARN_UNREACHABLE_CODE = YES;
				CLANG_WARN__DUPLICATE_METHOD_MATCH = YES;
				COPY_PHASE_STRIP = NO;
				DEBUG_INFORMATION_FORMAT = dwarf;
				ENABLE_STRICT_OBJC_MSGSEND = YES;
				ENABLE_TESTABILITY = YES;
				GCC_C_LANGUAGE_STANDARD = gnu11;
				GCC_DYNAMIC_NO_PIC = NO;
				GCC_NO_COMMON_BLOCKS = YES;
				GCC_OPTIMIZATION_LEVEL = 0;
				GCC_PREPROCESSOR_DEFINITIONS = (
					"DEBUG=1",
					"$(inherited)",
				);
				GCC_WARN_64_TO_32_BIT_CONVERSION = YES;
				GCC_WARN_ABOUT_RETURN_TYPE = YES_ERROR;
				GCC_WARN_UNDECLARED_SELECTOR = YES;
				GCC_WARN_UNINITIALIZED_AUTOS = YES_AGGRESSIVE;
				GCC_WARN_UNUSED_FUNCTION = YES;
				GCC_WARN_UNUSED_VARIABLE = YES;
				IPHONEOS_DEPLOYMENT_TARGET = 16.2;
				MTL_ENABLE_DEBUG_INFO = INCLUDE_SOURCE;
				MTL_FAST_MATH = YES;
				ONLY_ACTIVE_ARCH = YES;
				SDKROOT = iphoneos;
				SWIFT_ACTIVE_COMPILATION_CONDITIONS = DEBUG;
				SWIFT_OPTIMIZATION_LEVEL = "-Onone";
			};
			name = Debug;
		};
		69D153FB2A2D1F01002A1A46 /* Release */ = {
			isa = XCBuildConfiguration;
			buildSettings = {
				ALWAYS_SEARCH_USER_PATHS = NO;
				CLANG_ANALYZER_NONNULL = YES;
				CLANG_ANALYZER_NUMBER_OBJECT_CONVERSION = YES_AGGRESSIVE;
				CLANG_CXX_LANGUAGE_STANDARD = "gnu++20";
				CLANG_ENABLE_MODULES = YES;
				CLANG_ENABLE_OBJC_ARC = YES;
				CLANG_ENABLE_OBJC_WEAK = YES;
				CLANG_WARN_BLOCK_CAPTURE_AUTORELEASING = YES;
				CLANG_WARN_BOOL_CONVERSION = YES;
				CLANG_WARN_COMMA = YES;
				CLANG_WARN_CONSTANT_CONVERSION = YES;
				CLANG_WARN_DEPRECATED_OBJC_IMPLEMENTATIONS = YES;
				CLANG_WARN_DIRECT_OBJC_ISA_USAGE = YES_ERROR;
				CLANG_WARN_DOCUMENTATION_COMMENTS = YES;
				CLANG_WARN_EMPTY_BODY = YES;
				CLANG_WARN_ENUM_CONVERSION = YES;
				CLANG_WARN_INFINITE_RECURSION = YES;
				CLANG_WARN_INT_CONVERSION = YES;
				CLANG_WARN_NON_LITERAL_NULL_CONVERSION = YES;
				CLANG_WARN_OBJC_IMPLICIT_RETAIN_SELF = YES;
				CLANG_WARN_OBJC_LITERAL_CONVERSION = YES;
				CLANG_WARN_OBJC_ROOT_CLASS = YES_ERROR;
				CLANG_WARN_QUOTED_INCLUDE_IN_FRAMEWORK_HEADER = YES;
				CLANG_WARN_RANGE_LOOP_ANALYSIS = YES;
				CLANG_WARN_STRICT_PROTOTYPES = YES;
				CLANG_WARN_SUSPICIOUS_MOVE = YES;
				CLANG_WARN_UNGUARDED_AVAILABILITY = YES_AGGRESSIVE;
				CLANG_WARN_UNREACHABLE_CODE = YES;
				CLANG_WARN__DUPLICATE_METHOD_MATCH = YES;
				COPY_PHASE_STRIP = NO;
				DEBUG_INFORMATION_FORMAT = "dwarf-with-dsym";
				ENABLE_NS_ASSERTIONS = NO;
				ENABLE_STRICT_OBJC_MSGSEND = YES;
				GCC_C_LANGUAGE_STANDARD = gnu11;
				GCC_NO_COMMON_BLOCKS = YES;
				GCC_WARN_64_TO_32_BIT_CONVERSION = YES;
				GCC_WARN_ABOUT_RETURN_TYPE = YES_ERROR;
				GCC_WARN_UNDECLARED_SELECTOR = YES;
				GCC_WARN_UNINITIALIZED_AUTOS = YES_AGGRESSIVE;
				GCC_WARN_UNUSED_FUNCTION = YES;
				GCC_WARN_UNUSED_VARIABLE = YES;
				IPHONEOS_DEPLOYMENT_TARGET = 16.2;
				MTL_ENABLE_DEBUG_INFO = NO;
				MTL_FAST_MATH = YES;
				SDKROOT = iphoneos;
				SWIFT_COMPILATION_MODE = wholemodule;
				SWIFT_OPTIMIZATION_LEVEL = "-O";
				VALIDATE_PRODUCT = YES;
			};
			name = Release;
		};
		69D153FD2A2D1F01002A1A46 /* Debug */ = {
			isa = XCBuildConfiguration;
			buildSettings = {
				ASSETCATALOG_COMPILER_APPICON_NAME = AppIcon;
				ASSETCATALOG_COMPILER_GLOBAL_ACCENT_COLOR_NAME = AccentColor;
				CODE_SIGN_STYLE = Automatic;
				CURRENT_PROJECT_VERSION = 1;
				DEVELOPMENT_ASSET_PATHS = "\"DaysOfSwiftUI/Preview Content\"";
				DEVELOPMENT_TEAM = J32RGX64P6;
				ENABLE_PREVIEWS = YES;
				GENERATE_INFOPLIST_FILE = YES;
				INFOPLIST_KEY_UIApplicationSceneManifest_Generation = YES;
				INFOPLIST_KEY_UIApplicationSupportsIndirectInputEvents = YES;
				INFOPLIST_KEY_UILaunchScreen_Generation = YES;
				INFOPLIST_KEY_UISupportedInterfaceOrientations = UIInterfaceOrientationPortrait;
				INFOPLIST_KEY_UISupportedInterfaceOrientations_iPad = "UIInterfaceOrientationLandscapeLeft UIInterfaceOrientationLandscapeRight UIInterfaceOrientationPortrait UIInterfaceOrientationPortraitUpsideDown";
				LD_RUNPATH_SEARCH_PATHS = (
					"$(inherited)",
					"@executable_path/Frameworks",
				);
				MARKETING_VERSION = 1.0;
				PRODUCT_BUNDLE_IDENTIFIER = "Nick-Theodoridis.DaysOfSwiftUI";
				PRODUCT_NAME = "$(TARGET_NAME)";
				SWIFT_EMIT_LOC_STRINGS = YES;
				SWIFT_VERSION = 5.0;
				TARGETED_DEVICE_FAMILY = "1,2";
			};
			name = Debug;
		};
		69D153FE2A2D1F01002A1A46 /* Release */ = {
			isa = XCBuildConfiguration;
			buildSettings = {
				ASSETCATALOG_COMPILER_APPICON_NAME = AppIcon;
				ASSETCATALOG_COMPILER_GLOBAL_ACCENT_COLOR_NAME = AccentColor;
				CODE_SIGN_STYLE = Automatic;
				CURRENT_PROJECT_VERSION = 1;
				DEVELOPMENT_ASSET_PATHS = "\"DaysOfSwiftUI/Preview Content\"";
				DEVELOPMENT_TEAM = J32RGX64P6;
				ENABLE_PREVIEWS = YES;
				GENERATE_INFOPLIST_FILE = YES;
				INFOPLIST_KEY_UIApplicationSceneManifest_Generation = YES;
				INFOPLIST_KEY_UIApplicationSupportsIndirectInputEvents = YES;
				INFOPLIST_KEY_UILaunchScreen_Generation = YES;
				INFOPLIST_KEY_UISupportedInterfaceOrientations = UIInterfaceOrientationPortrait;
				INFOPLIST_KEY_UISupportedInterfaceOrientations_iPad = "UIInterfaceOrientationLandscapeLeft UIInterfaceOrientationLandscapeRight UIInterfaceOrientationPortrait UIInterfaceOrientationPortraitUpsideDown";
				LD_RUNPATH_SEARCH_PATHS = (
					"$(inherited)",
					"@executable_path/Frameworks",
				);
				MARKETING_VERSION = 1.0;
				PRODUCT_BUNDLE_IDENTIFIER = "Nick-Theodoridis.DaysOfSwiftUI";
				PRODUCT_NAME = "$(TARGET_NAME)";
				SWIFT_EMIT_LOC_STRINGS = YES;
				SWIFT_VERSION = 5.0;
				TARGETED_DEVICE_FAMILY = "1,2";
			};
			name = Release;
		};
		69D154002A2D1F01002A1A46 /* Debug */ = {
			isa = XCBuildConfiguration;
			buildSettings = {
				ALWAYS_EMBED_SWIFT_STANDARD_LIBRARIES = YES;
				BUNDLE_LOADER = "$(TEST_HOST)";
				CODE_SIGN_STYLE = Automatic;
				CURRENT_PROJECT_VERSION = 1;
				GENERATE_INFOPLIST_FILE = YES;
				IPHONEOS_DEPLOYMENT_TARGET = 16.2;
				MARKETING_VERSION = 1.0;
				PRODUCT_BUNDLE_IDENTIFIER = "Nick-Theodoridis.DaysOfSwiftUITests";
				PRODUCT_NAME = "$(TARGET_NAME)";
				SWIFT_EMIT_LOC_STRINGS = NO;
				SWIFT_VERSION = 5.0;
				TARGETED_DEVICE_FAMILY = "1,2";
				TEST_HOST = "$(BUILT_PRODUCTS_DIR)/DaysOfSwiftUI.app/$(BUNDLE_EXECUTABLE_FOLDER_PATH)/DaysOfSwiftUI";
			};
			name = Debug;
		};
		69D154012A2D1F01002A1A46 /* Release */ = {
			isa = XCBuildConfiguration;
			buildSettings = {
				ALWAYS_EMBED_SWIFT_STANDARD_LIBRARIES = YES;
				BUNDLE_LOADER = "$(TEST_HOST)";
				CODE_SIGN_STYLE = Automatic;
				CURRENT_PROJECT_VERSION = 1;
				GENERATE_INFOPLIST_FILE = YES;
				IPHONEOS_DEPLOYMENT_TARGET = 16.2;
				MARKETING_VERSION = 1.0;
				PRODUCT_BUNDLE_IDENTIFIER = "Nick-Theodoridis.DaysOfSwiftUITests";
				PRODUCT_NAME = "$(TARGET_NAME)";
				SWIFT_EMIT_LOC_STRINGS = NO;
				SWIFT_VERSION = 5.0;
				TARGETED_DEVICE_FAMILY = "1,2";
				TEST_HOST = "$(BUILT_PRODUCTS_DIR)/DaysOfSwiftUI.app/$(BUNDLE_EXECUTABLE_FOLDER_PATH)/DaysOfSwiftUI";
			};
			name = Release;
		};
		69D154032A2D1F01002A1A46 /* Debug */ = {
			isa = XCBuildConfiguration;
			buildSettings = {
				ALWAYS_EMBED_SWIFT_STANDARD_LIBRARIES = YES;
				CODE_SIGN_STYLE = Automatic;
				CURRENT_PROJECT_VERSION = 1;
				GENERATE_INFOPLIST_FILE = YES;
				MARKETING_VERSION = 1.0;
				PRODUCT_BUNDLE_IDENTIFIER = "Nick-Theodoridis.DaysOfSwiftUIUITests";
				PRODUCT_NAME = "$(TARGET_NAME)";
				SWIFT_EMIT_LOC_STRINGS = NO;
				SWIFT_VERSION = 5.0;
				TARGETED_DEVICE_FAMILY = "1,2";
				TEST_TARGET_NAME = DaysOfSwiftUI;
			};
			name = Debug;
		};
		69D154042A2D1F01002A1A46 /* Release */ = {
			isa = XCBuildConfiguration;
			buildSettings = {
				ALWAYS_EMBED_SWIFT_STANDARD_LIBRARIES = YES;
				CODE_SIGN_STYLE = Automatic;
				CURRENT_PROJECT_VERSION = 1;
				GENERATE_INFOPLIST_FILE = YES;
				MARKETING_VERSION = 1.0;
				PRODUCT_BUNDLE_IDENTIFIER = "Nick-Theodoridis.DaysOfSwiftUIUITests";
				PRODUCT_NAME = "$(TARGET_NAME)";
				SWIFT_EMIT_LOC_STRINGS = NO;
				SWIFT_VERSION = 5.0;
				TARGETED_DEVICE_FAMILY = "1,2";
				TEST_TARGET_NAME = DaysOfSwiftUI;
			};
			name = Release;
		};
/* End XCBuildConfiguration section */

/* Begin XCConfigurationList section */
		69D153D32A2D1F00002A1A46 /* Build configuration list for PBXProject "DaysOfSwiftUI" */ = {
			isa = XCConfigurationList;
			buildConfigurations = (
				69D153FA2A2D1F01002A1A46 /* Debug */,
				69D153FB2A2D1F01002A1A46 /* Release */,
			);
			defaultConfigurationIsVisible = 0;
			defaultConfigurationName = Release;
		};
		69D153FC2A2D1F01002A1A46 /* Build configuration list for PBXNativeTarget "DaysOfSwiftUI" */ = {
			isa = XCConfigurationList;
			buildConfigurations = (
				69D153FD2A2D1F01002A1A46 /* Debug */,
				69D153FE2A2D1F01002A1A46 /* Release */,
			);
			defaultConfigurationIsVisible = 0;
			defaultConfigurationName = Release;
		};
		69D153FF2A2D1F01002A1A46 /* Build configuration list for PBXNativeTarget "DaysOfSwiftUITests" */ = {
			isa = XCConfigurationList;
			buildConfigurations = (
				69D154002A2D1F01002A1A46 /* Debug */,
				69D154012A2D1F01002A1A46 /* Release */,
			);
			defaultConfigurationIsVisible = 0;
			defaultConfigurationName = Release;
		};
		69D154022A2D1F01002A1A46 /* Build configuration list for PBXNativeTarget "DaysOfSwiftUIUITests" */ = {
			isa = XCConfigurationList;
			buildConfigurations = (
				69D154032A2D1F01002A1A46 /* Debug */,
				69D154042A2D1F01002A1A46 /* Release */,
			);
			defaultConfigurationIsVisible = 0;
			defaultConfigurationName = Release;
		};
/* End XCConfigurationList section */
	};
	rootObject = 69D153D02A2D1F00002A1A46 /* Project object */;
}
